
Microsoft Visual Studio Solution File, Format Version 12.00
# Visual Studio Version 17
VisualStudioVersion = 17.0.31903.59
MinimumVisualStudioVersion = 10.0.40219.1
Project("{2150E333-8FDC-42A3-9474-1A3956D46DE8}") = "src", "src", "{6CE60C84-7BC7-4352-943D-3AEF1CF29C4B}"
EndProject
Project("{FAE04EC0-301F-11D3-BF4B-00C04F79EFBC}") = "AuctionService", "src\AuctionService\AuctionService.csproj", "{576322F1-5C16-42B4-B45E-87A00308D49B}"
EndProject
Project("{FAE04EC0-301F-11D3-BF4B-00C04F79EFBC}") = "SearchService", "src\SearchService\SearchService.csproj", "{72AA4159-7B05-4353-B6EE-D6940F9D0BF4}"
EndProject
Project("{FAE04EC0-301F-11D3-BF4B-00C04F79EFBC}") = "Contracts", "src\Contracts\Contracts.csproj", "{E0E47F42-2D96-445C-B310-25BDA4AB3618}"
EndProject
Project("{FAE04EC0-301F-11D3-BF4B-00C04F79EFBC}") = "IdentityService", "src\IdentityService\IdentityService.csproj", "{AD2357CD-A1E2-4D86-A882-462368C494D4}"
EndProject
Global
	GlobalSection(SolutionConfigurationPlatforms) = preSolution
		Debug|Any CPU = Debug|Any CPU
		Release|Any CPU = Release|Any CPU
	EndGlobalSection
	GlobalSection(SolutionProperties) = preSolution
		HideSolutionNode = FALSE
	EndGlobalSection
	GlobalSection(ProjectConfigurationPlatforms) = postSolution
		{576322F1-5C16-42B4-B45E-87A00308D49B}.Debug|Any CPU.ActiveCfg = Debug|Any CPU
		{576322F1-5C16-42B4-B45E-87A00308D49B}.Debug|Any CPU.Build.0 = Debug|Any CPU
		{576322F1-5C16-42B4-B45E-87A00308D49B}.Release|Any CPU.ActiveCfg = Release|Any CPU
		{576322F1-5C16-42B4-B45E-87A00308D49B}.Release|Any CPU.Build.0 = Release|Any CPU
		{72AA4159-7B05-4353-B6EE-D6940F9D0BF4}.Debug|Any CPU.ActiveCfg = Debug|Any CPU
		{72AA4159-7B05-4353-B6EE-D6940F9D0BF4}.Debug|Any CPU.Build.0 = Debug|Any CPU
		{72AA4159-7B05-4353-B6EE-D6940F9D0BF4}.Release|Any CPU.ActiveCfg = Release|Any CPU
		{72AA4159-7B05-4353-B6EE-D6940F9D0BF4}.Release|Any CPU.Build.0 = Release|Any CPU
		{E0E47F42-2D96-445C-B310-25BDA4AB3618}.Debug|Any CPU.ActiveCfg = Debug|Any CPU
		{E0E47F42-2D96-445C-B310-25BDA4AB3618}.Debug|Any CPU.Build.0 = Debug|Any CPU
		{E0E47F42-2D96-445C-B310-25BDA4AB3618}.Release|Any CPU.ActiveCfg = Release|Any CPU
		{E0E47F42-2D96-445C-B310-25BDA4AB3618}.Release|Any CPU.Build.0 = Release|Any CPU
		{AD2357CD-A1E2-4D86-A882-462368C494D4}.Debug|Any CPU.ActiveCfg = Debug|Any CPU
		{AD2357CD-A1E2-4D86-A882-462368C494D4}.Debug|Any CPU.Build.0 = Debug|Any CPU
		{AD2357CD-A1E2-4D86-A882-462368C494D4}.Release|Any CPU.ActiveCfg = Release|Any CPU
		{AD2357CD-A1E2-4D86-A882-462368C494D4}.Release|Any CPU.Build.0 = Release|Any CPU
	EndGlobalSection
	GlobalSection(NestedProjects) = preSolution
		{576322F1-5C16-42B4-B45E-87A00308D49B} = {6CE60C84-7BC7-4352-943D-3AEF1CF29C4B}
		{72AA4159-7B05-4353-B6EE-D6940F9D0BF4} = {6CE60C84-7BC7-4352-943D-3AEF1CF29C4B}
		{E0E47F42-2D96-445C-B310-25BDA4AB3618} = {6CE60C84-7BC7-4352-943D-3AEF1CF29C4B}
		{AD2357CD-A1E2-4D86-A882-462368C494D4} = {6CE60C84-7BC7-4352-943D-3AEF1CF29C4B}
	EndGlobalSection
EndGlobal
